// !$*UTF8*$!
{
	archiveVersion = 1;
	classes = {
	};
	objectVersion = 48;
	objects = {

/* Begin PBXBuildFile section */
		75E37DC81FB7E8A200CE50BA /* AppDelegate.swift in Sources */ = {isa = PBXBuildFile; fileRef = 75E37DC71FB7E8A200CE50BA /* AppDelegate.swift */; };
		75E37DCA1FB7E8A200CE50BA /* ViewController.swift in Sources */ = {isa = PBXBuildFile; fileRef = 75E37DC91FB7E8A200CE50BA /* ViewController.swift */; };
		75E37DCD1FB7E8A200CE50BA /* Main.storyboard in Resources */ = {isa = PBXBuildFile; fileRef = 75E37DCB1FB7E8A200CE50BA /* Main.storyboard */; };
		75E37DD21FB7E8A200CE50BA /* LaunchScreen.storyboard in Resources */ = {isa = PBXBuildFile; fileRef = 75E37DD01FB7E8A200CE50BA /* LaunchScreen.storyboard */; };
		75E37DD91FB7E98700CE50BA /* Assets.xcassets in Resources */ = {isa = PBXBuildFile; fileRef = 75E37DCE1FB7E8A200CE50BA /* Assets.xcassets */; };
/* End PBXBuildFile section */

/* Begin PBXFileReference section */
		75E37DC41FB7E8A200CE50BA /* ios-start01.app */ = {isa = PBXFileReference; explicitFileType = wrapper.application; includeInIndex = 0; path = "ios-start01.app"; sourceTree = BUILT_PRODUCTS_DIR; };
		75E37DC71FB7E8A200CE50BA /* AppDelegate.swift */ = {isa = PBXFileReference; lastKnownFileType = sourcecode.swift; path = AppDelegate.swift; sourceTree = "<group>"; };
		75E37DC91FB7E8A200CE50BA /* ViewController.swift */ = {isa = PBXFileReference; lastKnownFileType = sourcecode.swift; path = ViewController.swift; sourceTree = "<group>"; };
		75E37DCC1FB7E8A200CE50BA /* Base */ = {isa = PBXFileReference; lastKnownFileType = file.storyboard; name = Base; path = Base.lproj/Main.storyboard; sourceTree = "<group>"; };
		75E37DCE1FB7E8A200CE50BA /* Assets.xcassets */ = {isa = PBXFileReference; lastKnownFileType = folder.assetcatalog; path = Assets.xcassets; sourceTree = "<group>"; };
		75E37DD11FB7E8A200CE50BA /* Base */ = {isa = PBXFileReference; lastKnownFileType = file.storyboard; name = Base; path = Base.lproj/LaunchScreen.storyboard; sourceTree = "<group>"; };
		75E37DD31FB7E8A200CE50BA /* Info.plist */ = {isa = PBXFileReference; lastKnownFileType = text.plist.xml; path = Info.plist; sourceTree = "<group>"; };
/* End PBXFileReference section */

/* Begin PBXFrameworksBuildPhase section */
		75E37DC11FB7E8A200CE50BA /* Frameworks */ = {
			isa = PBXFrameworksBuildPhase;
			buildActionMask = 2147483647;
			files = (
			);
			runOnlyForDeploymentPostprocessing = 0;
		};
/* End PBXFrameworksBuildPhase section */

/* Begin PBXGroup section */
		75E37DBB1FB7E8A200CE50BA = {
			isa = PBXGroup;
			children = (
				75E37DC61FB7E8A200CE50BA /* ios-start01 */,
				75E37DC51FB7E8A200CE50BA /* Products */,
			);
			sourceTree = "<group>";
		};
		75E37DC51FB7E8A200CE50BA /* Products */ = {
			isa = PBXGroup;
			children = (
				75E37DC41FB7E8A200CE50BA /* ios-start01.app */,
			);
			name = Products;
			sourceTree = "<group>";
		};
		75E37DC61FB7E8A200CE50BA /* ios-start01 */ = {
			isa = PBXGroup;
			children = (
				75E37DC71FB7E8A200CE50BA /* AppDelegate.swift */,
				75E37DC91FB7E8A200CE50BA /* ViewController.swift */,
				75E37DCB1FB7E8A200CE50BA /* Main.storyboard */,
				75E37DCE1FB7E8A200CE50BA /* Assets.xcassets */,
				75E37DD01FB7E8A200CE50BA /* LaunchScreen.storyboard */,
				75E37DD31FB7E8A200CE50BA /* Info.plist */,
			);
			path = "ios-start01";
			sourceTree = "<group>";
		};
/* End PBXGroup section */

/* Begin PBXNativeTarget section */
		75E37DC31FB7E8A200CE50BA /* ios-start01 */ = {
			isa = PBXNativeTarget;
			buildConfigurationList = 75E37DD61FB7E8A200CE50BA /* Build configuration list for PBXNativeTarget "ios-start01" */;
			buildPhases = (
				75E37DC01FB7E8A200CE50BA /* Sources */,
				75E37DC11FB7E8A200CE50BA /* Frameworks */,
				75E37DC21FB7E8A200CE50BA /* Resources */,
			);
			buildRules = (
			);
			dependencies = (
			);
			name = "ios-start01";
			productName = "ios-start01";
			productReference = 75E37DC41FB7E8A200CE50BA /* ios-start01.app */;
			productType = "com.apple.product-type.application";
		};
/* End PBXNativeTarget section */

/* Begin PBXProject section */
		75E37DBC1FB7E8A200CE50BA /* Project object */ = {
			isa = PBXProject;
			attributes = {
				LastSwiftUpdateCheck = 0900;
				LastUpgradeCheck = 0900;
				ORGANIZATIONNAME = FangChen;
				TargetAttributes = {
					75E37DC31FB7E8A200CE50BA = {
						CreatedOnToolsVersion = 9.0.1;
						ProvisioningStyle = Automatic;
					};
				};
			};
			buildConfigurationList = 75E37DBF1FB7E8A200CE50BA /* Build configuration list for PBXProject "ios-start01" */;
			compatibilityVersion = "Xcode 8.0";
			developmentRegion = en;
			hasScannedForEncodings = 0;
			knownRegions = (
				en,
				Base,
			);
			mainGroup = 75E37DBB1FB7E8A200CE50BA;
			productRefGroup = 75E37DC51FB7E8A200CE50BA /* Products */;
			projectDirPath = "";
			projectRoot = "";
			targets = (
				75E37DC31FB7E8A200CE50BA /* ios-start01 */,
			);
		};
/* End PBXProject section */

/* Begin PBXResourcesBuildPhase section */
		75E37DC21FB7E8A200CE50BA /* Resources */ = {
			isa = PBXResourcesBuildPhase;
			buildActionMask = 2147483647;
			files = (
				75E37DD21FB7E8A200CE50BA /* LaunchScreen.storyboard in Resources */,
				75E37DD91FB7E98700CE50BA /* Assets.xcassets in Resources */,
				75E37DCD1FB7E8A200CE50BA /* Main.storyboard in Resources */,
			);
			runOnlyForDeploymentPostprocessing = 0;
		};
/* End PBXResourcesBuildPhase section */

/* Begin PBXSourcesBuildPhase section */
		75E37DC01FB7E8A200CE50BA /* Sources */ = {
			isa = PBXSourcesBuildPhase;
			buildActionMask = 2147483647;
			files = (
				75E37DCA1FB7E8A200CE50BA /* ViewController.swift in Sources */,
				75E37DC81FB7E8A200CE50BA /* AppDelegate.swift in Sources */,
			);
			runOnlyForDeploymentPostprocessing = 0;
		};
/* End PBXSourcesBuildPhase section */

/* Begin PBXVariantGroup section */
		75E37DCB1FB7E8A200CE50BA /* Main.storyboard */ = {
			isa = PBXVariantGroup;
			children = (
				75E37DCC1FB7E8A200CE50BA /* Base */,
			);
			name = Main.storyboard;
			sourceTree = "<group>";
		};
		75E37DD01FB7E8A200CE50BA /* LaunchScreen.storyboard */ = {
			isa = PBXVariantGroup;
			children = (
				75E37DD11FB7E8A200CE50BA /* Base */,
			);
			name = LaunchScreen.storyboard;
			sourceTree = "<group>";
		};
/* End PBXVariantGroup section */

/* Begin XCBuildConfiguration section */
		75E37DD41FB7E8A200CE50BA /* Debug */ = {
			isa = XCBuildConfiguration;
			buildSettings = {
				ALWAYS_SEARCH_USER_PATHS = NO;
				CLANG_ANALYZER_NONNULL = YES;
				CLANG_ANALYZER_NUMBER_OBJECT_CONVERSION = YES_AGGRESSIVE;
				CLANG_CXX_LANGUAGE_STANDARD = "gnu++14";
				CLANG_CXX_LIBRARY = "libc++";
				CLANG_ENABLE_MODULES = YES;
				CLANG_ENABLE_OBJC_ARC = YES;
				CLANG_WARN_BLOCK_CAPTURE_AUTORELEASING = YES;
				CLANG_WARN_BOOL_CONVERSION = YES;
				CLANG_WARN_COMMA = YES;
				CLANG_WARN_CONSTANT_CONVERSION = YES;
				CLANG_WARN_DIRECT_OBJC_ISA_USAGE = YES_ERROR;
				CLANG_WARN_DOCUMENTATION_COMMENTS = YES;
				CLANG_WARN_EMPTY_BODY = YES;
				CLANG_WARN_ENUM_CONVERSION = YES;
				CLANG_WARN_INFINITE_RECURSION = YES;
				CLANG_WARN_INT_CONVERSION = YES;
				CLANG_WARN_NON_LITERAL_NULL_CONVERSION = YES;
				CLANG_WARN_OBJC_LITERAL_CONVERSION = YES;
				CLANG_WARN_OBJC_ROOT_CLASS = YES_ERROR;
				CLANG_WARN_RANGE_LOOP_ANALYSIS = YES;
				CLANG_WARN_STRICT_PROTOTYPES = YES;
				CLANG_WARN_SUSPICIOUS_MOVE = YES;
				CLANG_WARN_UNGUARDED_AVAILABILITY = YES_AGGRESSIVE;
				CLANG_WARN_UNREACHABLE_CODE = YES;
				CLANG_WARN__DUPLICATE_METHOD_MATCH = YES;
				CODE_SIGN_IDENTITY = "iPhone Developer";
				COPY_PHASE_STRIP = NO;
				DEBUG_INFORMATION_FORMAT = dwarf;
				ENABLE_STRICT_OBJC_MSGSEND = YES;
				ENABLE_TESTABILITY = YES;
				GCC_C_LANGUAGE_STANDARD = gnu11;
				GCC_DYNAMIC_NO_PIC = NO;
				GCC_NO_COMMON_BLOCKS = YES;
				GCC_OPTIMIZATION_LEVEL = 0;
				GCC_PREPROCESSOR_DEFINITIONS = (
					"DEBUG=1",
					"$(inherited)",
				);
				GCC_WARN_64_TO_32_BIT_CONVERSION = YES;
				GCC_WARN_ABOUT_RETURN_TYPE = YES_ERROR;
				GCC_WARN_UNDECLARED_SELECTOR = YES;
				GCC_WARN_UNINITIALIZED_AUTOS = YES_AGGRESSIVE;
				GCC_WARN_UNUSED_FUNCTION = YES;
				GCC_WARN_UNUSED_VARIABLE = YES;
				IPHONEOS_DEPLOYMENT_TARGET = 11.0;
				MTL_ENABLE_DEBUG_INFO = YES;
				ONLY_ACTIVE_ARCH = YES;
				SDKROOT = iphoneos;
				SWIFT_ACTIVE_COMPILATION_CONDITIONS = DEBUG;
				SWIFT_OPTIMIZATION_LEVEL = "-Onone";
			};
			name = Debug;
		};
		75E37DD51FB7E8A200CE50BA /* Release */ = {
			isa = XCBuildConfiguration;
			buildSettings = {
				ALWAYS_SEARCH_USER_PATHS = NO;
				CLANG_ANALYZER_NONNULL = YES;
				CLANG_ANALYZER_NUMBER_OBJECT_CONVERSION = YES_AGGRESSIVE;
				CLANG_CXX_LANGUAGE_STANDARD = "gnu++14";
				CLANG_CXX_LIBRARY = "libc++";
				CLANG_ENABLE_MODULES = YES;
				CLANG_ENABLE_OBJC_ARC = YES;
				CLANG_WARN_BLOCK_CAPTURE_AUTORELEASING = YES;
				CLANG_WARN_BOOL_CONVERSION = YES;
				CLANG_WARN_COMMA = YES;
				CLANG_WARN_CONSTANT_CONVERSION = YES;
				CLANG_WARN_DIRECT_OBJC_ISA_USAGE = YES_ERROR;
				CLANG_WARN_DOCUMENTATION_COMMENTS = YES;
				CLANG_WARN_EMPTY_BODY = YES;
				CLANG_WARN_ENUM_CONVERSION = YES;
				CLANG_WARN_INFINITE_RECURSION = YES;
				CLANG_WARN_INT_CONVERSION = YES;
				CLANG_WARN_NON_LITERAL_NULL_CONVERSION = YES;
				CLANG_WARN_OBJC_LITERAL_CONVERSION = YES;
				CLANG_WARN_OBJC_ROOT_CLASS = YES_ERROR;
				CLANG_WARN_RANGE_LOOP_ANALYSIS = YES;
				CLANG_WARN_STRICT_PROTOTYPES = YES;
				CLANG_WARN_SUSPICIOUS_MOVE = YES;
				CLANG_WARN_UNGUARDED_AVAILABILITY = YES_AGGRESSIVE;
				CLANG_WARN_UNREACHABLE_CODE = YES;
				CLANG_WARN__DUPLICATE_METHOD_MATCH = YES;
				CODE_SIGN_IDENTITY = "iPhone Developer";
				COPY_PHASE_STRIP = NO;
				DEBUG_INFORMATION_FORMAT = "dwarf-with-dsym";
				ENABLE_NS_ASSERTIONS = NO;
				ENABLE_STRICT_OBJC_MSGSEND = YES;
				GCC_C_LANGUAGE_STANDARD = gnu11;
				GCC_NO_COMMON_BLOCKS = YES;
				GCC_WARN_64_TO_32_BIT_CONVERSION = YES;
				GCC_WARN_ABOUT_RETURN_TYPE = YES_ERROR;
				GCC_WARN_UNDECLARED_SELECTOR = YES;
				GCC_WARN_UNINITIALIZED_AUTOS = YES_AGGRESSIVE;
				GCC_WARN_UNUSED_FUNCTION = YES;
				GCC_WARN_UNUSED_VARIABLE = YES;
				IPHONEOS_DEPLOYMENT_TARGET = 11.0;
				MTL_ENABLE_DEBUG_INFO = NO;
				SDKROOT = iphoneos;
				SWIFT_OPTIMIZATION_LEVEL = "-Owholemodule";
				VALIDATE_PRODUCT = YES;
			};
			name = Release;
		};
		75E37DD71FB7E8A200CE50BA /* Debug */ = {
			isa = XCBuildConfiguration;
			buildSettings = {
				ASSETCATALOG_COMPILER_APPICON_NAME = AppIcon;
				CODE_SIGN_STYLE = Automatic;
				DEVELOPMENT_TEAM = 485Z5M5YY4;
				INFOPLIST_FILE = "ios-start01/Info.plist";
				LD_RUNPATH_SEARCH_PATHS = "$(inherited) @executable_path/Frameworks";
				PRODUCT_BUNDLE_IDENTIFIER = "com.fangchen.ios-start01";
				PRODUCT_NAME = "$(TARGET_NAME)";
				SWIFT_VERSION = 4.0;
				TARGETED_DEVICE_FAMILY = "1,2";
			};
			name = Debug;
		};
		75E37DD81FB7E8A200CE50BA /* Release */ = {
			isa = XCBuildConfiguration;
			buildSettings = {
				ASSETCATALOG_COMPILER_APPICON_NAME = AppIcon;
				CODE_SIGN_STYLE = Automatic;
				DEVELOPMENT_TEAM = 485Z5M5YY4;
				INFOPLIST_FILE = "ios-start01/Info.plist";
				LD_RUNPATH_SEARCH_PATHS = "$(inherited) @executable_path/Frameworks";
				PRODUCT_BUNDLE_IDENTIFIER = "com.fangchen.ios-start01";
				PRODUCT_NAME = "$(TARGET_NAME)";
				SWIFT_VERSION = 4.0;
				TARGETED_DEVICE_FAMILY = "1,2";
			};
			name = Release;
		};
/* End XCBuildConfiguration section */

/* Begin XCConfigurationList section */
		75E37DBF1FB7E8A200CE50BA /* Build configuration list for PBXProject "ios-start01" */ = {
			isa = XCConfigurationList;
			buildConfigurations = (
				75E37DD41FB7E8A200CE50BA /* Debug */,
				75E37DD51FB7E8A200CE50BA /* Release */,
			);
			defaultConfigurationIsVisible = 0;
			defaultConfigurationName = Release;
		};
		75E37DD61FB7E8A200CE50BA /* Build configuration list for PBXNativeTarget "ios-start01" */ = {
			isa = XCConfigurationList;
			buildConfigurations = (
				75E37DD71FB7E8A200CE50BA /* Debug */,
				75E37DD81FB7E8A200CE50BA /* Release */,
			);
			defaultConfigurationIsVisible = 0;
			defaultConfigurationName = Release;
		};
/* End XCConfigurationList section */
	};
	rootObject = 75E37DBC1FB7E8A200CE50BA /* Project object */;
}
